
Microsoft Visual Studio Solution File, Format Version 11.00
# Visual Studio 2010
Project("{FAE04EC0-301F-11D3-BF4B-00C04F79EFBC}") = "PayrollSystem", "PayrollSystem\PayrollSystem.csproj", "{E78F0D01-339C-4F8A-8452-C9644F9C2A02}"
EndProject
Global
	GlobalSection(SolutionConfigurationPlatforms) = preSolution
		Debug|x86 = Debug|x86
		Release|x86 = Release|x86
	EndGlobalSection
	GlobalSection(ProjectConfigurationPlatforms) = postSolution
		{E78F0D01-339C-4F8A-8452-C9644F9C2A02}.Debug|x86.ActiveCfg = Debug|x86
		{E78F0D01-339C-4F8A-8452-C9644F9C2A02}.Debug|x86.Build.0 = Debug|x86
		{E78F0D01-339C-4F8A-8452-C9644F9C2A02}.Release|x86.ActiveCfg = Release|x86
		{E78F0D01-339C-4F8A-8452-C9644F9C2A02}.Release|x86.Build.0 = Release|x86
	EndGlobalSection
	GlobalSection(SolutionProperties) = preSolution
		HideSolutionNode = FALSE
	EndGlobalSection
EndGlobal
